// !$*UTF8*$!
{
	archiveVersion = 1;
	classes = {
	};
	objectVersion = 46;
	objects = {

/* Begin PBXBuildFile section */
		F8A70DDC19073CA200BA6D50 /* Twikee.bundle in Resources */ = {isa = PBXBuildFile; fileRef = F8A70DDB19073CA200BA6D50 /* Twikee.bundle */; };
		F8A8CB9618EC900E0045FA93 /* Foundation.framework in Frameworks */ = {isa = PBXBuildFile; fileRef = F8A8CB9518EC900E0045FA93 /* Foundation.framework */; };
		F8A8CB9818EC900E0045FA93 /* CoreGraphics.framework in Frameworks */ = {isa = PBXBuildFile; fileRef = F8A8CB9718EC900E0045FA93 /* CoreGraphics.framework */; };
		F8A8CB9A18EC900E0045FA93 /* UIKit.framework in Frameworks */ = {isa = PBXBuildFile; fileRef = F8A8CB9918EC900E0045FA93 /* UIKit.framework */; };
		F8A8CBA018EC900E0045FA93 /* InfoPlist.strings in Resources */ = {isa = PBXBuildFile; fileRef = F8A8CB9E18EC900E0045FA93 /* InfoPlist.strings */; };
		F8A8CBA218EC900E0045FA93 /* main.m in Sources */ = {isa = PBXBuildFile; fileRef = F8A8CBA118EC900E0045FA93 /* main.m */; };
		F8A8CBA618EC900E0045FA93 /* AppDelegate.m in Sources */ = {isa = PBXBuildFile; fileRef = F8A8CBA518EC900E0045FA93 /* AppDelegate.m */; };
		F8A8CBA918EC900E0045FA93 /* Main_iPhone.storyboard in Resources */ = {isa = PBXBuildFile; fileRef = F8A8CBA718EC900E0045FA93 /* Main_iPhone.storyboard */; };
		F8A8CBAC18EC900E0045FA93 /* Main_iPad.storyboard in Resources */ = {isa = PBXBuildFile; fileRef = F8A8CBAA18EC900E0045FA93 /* Main_iPad.storyboard */; };
		F8A8CBAF18EC900E0045FA93 /* ViewController.m in Sources */ = {isa = PBXBuildFile; fileRef = F8A8CBAE18EC900E0045FA93 /* ViewController.m */; };
		F8A8CBB118EC900E0045FA93 /* Images.xcassets in Resources */ = {isa = PBXBuildFile; fileRef = F8A8CBB018EC900E0045FA93 /* Images.xcassets */; };
		F8A8CBB818EC900E0045FA93 /* XCTest.framework in Frameworks */ = {isa = PBXBuildFile; fileRef = F8A8CBB718EC900E0045FA93 /* XCTest.framework */; };
		F8A8CBB918EC900F0045FA93 /* Foundation.framework in Frameworks */ = {isa = PBXBuildFile; fileRef = F8A8CB9518EC900E0045FA93 /* Foundation.framework */; };
		F8A8CBBA18EC900F0045FA93 /* UIKit.framework in Frameworks */ = {isa = PBXBuildFile; fileRef = F8A8CB9918EC900E0045FA93 /* UIKit.framework */; };
		F8A8CBC218EC900F0045FA93 /* InfoPlist.strings in Resources */ = {isa = PBXBuildFile; fileRef = F8A8CBC018EC900F0045FA93 /* InfoPlist.strings */; };
		F8A8CBC418EC900F0045FA93 /* TwikeeBasicTestTests.m in Sources */ = {isa = PBXBuildFile; fileRef = F8A8CBC318EC900F0045FA93 /* TwikeeBasicTestTests.m */; };
		F8A8CBD118EC90E90045FA93 /* Twikee.m in Sources */ = {isa = PBXBuildFile; fileRef = F8A8CBD018EC90E90045FA93 /* Twikee.m */; };
/* End PBXBuildFile section */

/* Begin PBXContainerItemProxy section */
		F8A8CBBB18EC900F0045FA93 /* PBXContainerItemProxy */ = {
			isa = PBXContainerItemProxy;
			containerPortal = F8A8CB8A18EC900E0045FA93 /* Project object */;
			proxyType = 1;
			remoteGlobalIDString = F8A8CB9118EC900E0045FA93;
			remoteInfo = TwikeeBasicTest;
		};
/* End PBXContainerItemProxy section */

/* Begin PBXFileReference section */
		F8A70DDB19073CA200BA6D50 /* Twikee.bundle */ = {isa = PBXFileReference; lastKnownFileType = "wrapper.plug-in"; path = Twikee.bundle; sourceTree = "<group>"; };
		F8A8CB9218EC900E0045FA93 /* TwikeeBasicTest.app */ = {isa = PBXFileReference; explicitFileType = wrapper.application; includeInIndex = 0; path = TwikeeBasicTest.app; sourceTree = BUILT_PRODUCTS_DIR; };
		F8A8CB9518EC900E0045FA93 /* Foundation.framework */ = {isa = PBXFileReference; lastKnownFileType = wrapper.framework; name = Foundation.framework; path = System/Library/Frameworks/Foundation.framework; sourceTree = SDKROOT; };
		F8A8CB9718EC900E0045FA93 /* CoreGraphics.framework */ = {isa = PBXFileReference; lastKnownFileType = wrapper.framework; name = CoreGraphics.framework; path = System/Library/Frameworks/CoreGraphics.framework; sourceTree = SDKROOT; };
		F8A8CB9918EC900E0045FA93 /* UIKit.framework */ = {isa = PBXFileReference; lastKnownFileType = wrapper.framework; name = UIKit.framework; path = System/Library/Frameworks/UIKit.framework; sourceTree = SDKROOT; };
		F8A8CB9D18EC900E0045FA93 /* TwikeeBasicTest-Info.plist */ = {isa = PBXFileReference; lastKnownFileType = text.plist.xml; path = "TwikeeBasicTest-Info.plist"; sourceTree = "<group>"; };
		F8A8CB9F18EC900E0045FA93 /* en */ = {isa = PBXFileReference; lastKnownFileType = text.plist.strings; name = en; path = en.lproj/InfoPlist.strings; sourceTree = "<group>"; };
		F8A8CBA118EC900E0045FA93 /* main.m */ = {isa = PBXFileReference; lastKnownFileType = sourcecode.c.objc; path = main.m; sourceTree = "<group>"; };
		F8A8CBA318EC900E0045FA93 /* TwikeeBasicTest-Prefix.pch */ = {isa = PBXFileReference; lastKnownFileType = sourcecode.c.h; path = "TwikeeBasicTest-Prefix.pch"; sourceTree = "<group>"; };
		F8A8CBA418EC900E0045FA93 /* AppDelegate.h */ = {isa = PBXFileReference; lastKnownFileType = sourcecode.c.h; path = AppDelegate.h; sourceTree = "<group>"; };
		F8A8CBA518EC900E0045FA93 /* AppDelegate.m */ = {isa = PBXFileReference; lastKnownFileType = sourcecode.c.objc; path = AppDelegate.m; sourceTree = "<group>"; };
		F8A8CBA818EC900E0045FA93 /* Base */ = {isa = PBXFileReference; lastKnownFileType = file.storyboard; name = Base; path = Base.lproj/Main_iPhone.storyboard; sourceTree = "<group>"; };
		F8A8CBAB18EC900E0045FA93 /* Base */ = {isa = PBXFileReference; lastKnownFileType = file.storyboard; name = Base; path = Base.lproj/Main_iPad.storyboard; sourceTree = "<group>"; };
		F8A8CBAD18EC900E0045FA93 /* ViewController.h */ = {isa = PBXFileReference; lastKnownFileType = sourcecode.c.h; path = ViewController.h; sourceTree = "<group>"; };
		F8A8CBAE18EC900E0045FA93 /* ViewController.m */ = {isa = PBXFileReference; lastKnownFileType = sourcecode.c.objc; path = ViewController.m; sourceTree = "<group>"; };
		F8A8CBB018EC900E0045FA93 /* Images.xcassets */ = {isa = PBXFileReference; lastKnownFileType = folder.assetcatalog; path = Images.xcassets; sourceTree = "<group>"; };
		F8A8CBB618EC900E0045FA93 /* TwikeeBasicTestTests.xctest */ = {isa = PBXFileReference; explicitFileType = wrapper.cfbundle; includeInIndex = 0; path = TwikeeBasicTestTests.xctest; sourceTree = BUILT_PRODUCTS_DIR; };
		F8A8CBB718EC900E0045FA93 /* XCTest.framework */ = {isa = PBXFileReference; lastKnownFileType = wrapper.framework; name = XCTest.framework; path = Library/Frameworks/XCTest.framework; sourceTree = DEVELOPER_DIR; };
		F8A8CBBF18EC900F0045FA93 /* TwikeeBasicTestTests-Info.plist */ = {isa = PBXFileReference; lastKnownFileType = text.plist.xml; path = "TwikeeBasicTestTests-Info.plist"; sourceTree = "<group>"; };
		F8A8CBC118EC900F0045FA93 /* en */ = {isa = PBXFileReference; lastKnownFileType = text.plist.strings; name = en; path = en.lproj/InfoPlist.strings; sourceTree = "<group>"; };
		F8A8CBC318EC900F0045FA93 /* TwikeeBasicTestTests.m */ = {isa = PBXFileReference; lastKnownFileType = sourcecode.c.objc; path = TwikeeBasicTestTests.m; sourceTree = "<group>"; };
		F8A8CBCF18EC90E90045FA93 /* Twikee.h */ = {isa = PBXFileReference; fileEncoding = 4; lastKnownFileType = sourcecode.c.h; path = Twikee.h; sourceTree = "<group>"; };
		F8A8CBD018EC90E90045FA93 /* Twikee.m */ = {isa = PBXFileReference; fileEncoding = 4; lastKnownFileType = sourcecode.c.objc; path = Twikee.m; sourceTree = "<group>"; };
/* End PBXFileReference section */

/* Begin PBXFrameworksBuildPhase section */
		F8A8CB8F18EC900E0045FA93 /* Frameworks */ = {
			isa = PBXFrameworksBuildPhase;
			buildActionMask = 2147483647;
			files = (
				F8A8CB9818EC900E0045FA93 /* CoreGraphics.framework in Frameworks */,
				F8A8CB9A18EC900E0045FA93 /* UIKit.framework in Frameworks */,
				F8A8CB9618EC900E0045FA93 /* Foundation.framework in Frameworks */,
			);
			runOnlyForDeploymentPostprocessing = 0;
		};
		F8A8CBB318EC900E0045FA93 /* Frameworks */ = {
			isa = PBXFrameworksBuildPhase;
			buildActionMask = 2147483647;
			files = (
				F8A8CBB818EC900E0045FA93 /* XCTest.framework in Frameworks */,
				F8A8CBBA18EC900F0045FA93 /* UIKit.framework in Frameworks */,
				F8A8CBB918EC900F0045FA93 /* Foundation.framework in Frameworks */,
			);
			runOnlyForDeploymentPostprocessing = 0;
		};
/* End PBXFrameworksBuildPhase section */

/* Begin PBXGroup section */
		F8A8CB8918EC900E0045FA93 = {
			isa = PBXGroup;
			children = (
				F8A8CBCE18EC90D70045FA93 /* Twikee */,
				F8A8CB9B18EC900E0045FA93 /* TwikeeBasicTest */,
				F8A8CBBD18EC900F0045FA93 /* TwikeeBasicTestTests */,
				F8A8CB9418EC900E0045FA93 /* Frameworks */,
				F8A8CB9318EC900E0045FA93 /* Products */,
			);
			sourceTree = "<group>";
		};
		F8A8CB9318EC900E0045FA93 /* Products */ = {
			isa = PBXGroup;
			children = (
				F8A8CB9218EC900E0045FA93 /* TwikeeBasicTest.app */,
				F8A8CBB618EC900E0045FA93 /* TwikeeBasicTestTests.xctest */,
			);
			name = Products;
			sourceTree = "<group>";
		};
		F8A8CB9418EC900E0045FA93 /* Frameworks */ = {
			isa = PBXGroup;
			children = (
				F8A8CB9518EC900E0045FA93 /* Foundation.framework */,
				F8A8CB9718EC900E0045FA93 /* CoreGraphics.framework */,
				F8A8CB9918EC900E0045FA93 /* UIKit.framework */,
				F8A8CBB718EC900E0045FA93 /* XCTest.framework */,
			);
			name = Frameworks;
			sourceTree = "<group>";
		};
		F8A8CB9B18EC900E0045FA93 /* TwikeeBasicTest */ = {
			isa = PBXGroup;
			children = (
				F8A8CBA418EC900E0045FA93 /* AppDelegate.h */,
				F8A8CBA518EC900E0045FA93 /* AppDelegate.m */,
				F8A8CBA718EC900E0045FA93 /* Main_iPhone.storyboard */,
				F8A8CBAA18EC900E0045FA93 /* Main_iPad.storyboard */,
				F8A8CBAD18EC900E0045FA93 /* ViewController.h */,
				F8A8CBAE18EC900E0045FA93 /* ViewController.m */,
				F8A8CBB018EC900E0045FA93 /* Images.xcassets */,
				F8A8CB9C18EC900E0045FA93 /* Supporting Files */,
			);
			path = TwikeeBasicTest;
			sourceTree = "<group>";
		};
		F8A8CB9C18EC900E0045FA93 /* Supporting Files */ = {
			isa = PBXGroup;
			children = (
				F8A8CB9D18EC900E0045FA93 /* TwikeeBasicTest-Info.plist */,
				F8A8CB9E18EC900E0045FA93 /* InfoPlist.strings */,
				F8A8CBA118EC900E0045FA93 /* main.m */,
				F8A8CBA318EC900E0045FA93 /* TwikeeBasicTest-Prefix.pch */,
			);
			name = "Supporting Files";
			sourceTree = "<group>";
		};
		F8A8CBBD18EC900F0045FA93 /* TwikeeBasicTestTests */ = {
			isa = PBXGroup;
			children = (
				F8A8CBC318EC900F0045FA93 /* TwikeeBasicTestTests.m */,
				F8A8CBBE18EC900F0045FA93 /* Supporting Files */,
			);
			path = TwikeeBasicTestTests;
			sourceTree = "<group>";
		};
		F8A8CBBE18EC900F0045FA93 /* Supporting Files */ = {
			isa = PBXGroup;
			children = (
				F8A8CBBF18EC900F0045FA93 /* TwikeeBasicTestTests-Info.plist */,
				F8A8CBC018EC900F0045FA93 /* InfoPlist.strings */,
			);
			name = "Supporting Files";
			sourceTree = "<group>";
		};
		F8A8CBCE18EC90D70045FA93 /* Twikee */ = {
			isa = PBXGroup;
			children = (
				F8A8CBCF18EC90E90045FA93 /* Twikee.h */,
				F8A8CBD018EC90E90045FA93 /* Twikee.m */,
				F8A70DDB19073CA200BA6D50 /* Twikee.bundle */,
			);
			name = Twikee;
			path = ../../Twikee;
			sourceTree = "<group>";
		};
/* End PBXGroup section */

/* Begin PBXNativeTarget section */
		F8A8CB9118EC900E0045FA93 /* TwikeeBasicTest */ = {
			isa = PBXNativeTarget;
			buildConfigurationList = F8A8CBC718EC900F0045FA93 /* Build configuration list for PBXNativeTarget "TwikeeBasicTest" */;
			buildPhases = (
				F8A8CB8E18EC900E0045FA93 /* Sources */,
				F8A8CB8F18EC900E0045FA93 /* Frameworks */,
				F8A8CB9018EC900E0045FA93 /* Resources */,
			);
			buildRules = (
			);
			dependencies = (
			);
			name = TwikeeBasicTest;
			productName = TwikeeBasicTest;
			productReference = F8A8CB9218EC900E0045FA93 /* TwikeeBasicTest.app */;
			productType = "com.apple.product-type.application";
		};
		F8A8CBB518EC900E0045FA93 /* TwikeeBasicTestTests */ = {
			isa = PBXNativeTarget;
			buildConfigurationList = F8A8CBCA18EC900F0045FA93 /* Build configuration list for PBXNativeTarget "TwikeeBasicTestTests" */;
			buildPhases = (
				F8A8CBB218EC900E0045FA93 /* Sources */,
				F8A8CBB318EC900E0045FA93 /* Frameworks */,
				F8A8CBB418EC900E0045FA93 /* Resources */,
			);
			buildRules = (
			);
			dependencies = (
				F8A8CBBC18EC900F0045FA93 /* PBXTargetDependency */,
			);
			name = TwikeeBasicTestTests;
			productName = TwikeeBasicTestTests;
			productReference = F8A8CBB618EC900E0045FA93 /* TwikeeBasicTestTests.xctest */;
			productType = "com.apple.product-type.bundle.unit-test";
		};
/* End PBXNativeTarget section */

/* Begin PBXProject section */
		F8A8CB8A18EC900E0045FA93 /* Project object */ = {
			isa = PBXProject;
			attributes = {
				LastUpgradeCheck = 0510;
				ORGANIZATIONNAME = "Yaman JAIOUCH";
				TargetAttributes = {
					F8A8CBB518EC900E0045FA93 = {
						TestTargetID = F8A8CB9118EC900E0045FA93;
					};
				};
			};
			buildConfigurationList = F8A8CB8D18EC900E0045FA93 /* Build configuration list for PBXProject "TwikeeBasicTest" */;
			compatibilityVersion = "Xcode 3.2";
			developmentRegion = English;
			hasScannedForEncodings = 0;
			knownRegions = (
				en,
				Base,
			);
			mainGroup = F8A8CB8918EC900E0045FA93;
			productRefGroup = F8A8CB9318EC900E0045FA93 /* Products */;
			projectDirPath = "";
			projectRoot = "";
			targets = (
				F8A8CB9118EC900E0045FA93 /* TwikeeBasicTest */,
				F8A8CBB518EC900E0045FA93 /* TwikeeBasicTestTests */,
			);
		};
/* End PBXProject section */

/* Begin PBXResourcesBuildPhase section */
		F8A8CB9018EC900E0045FA93 /* Resources */ = {
			isa = PBXResourcesBuildPhase;
			buildActionMask = 2147483647;
			files = (
				F8A8CBAC18EC900E0045FA93 /* Main_iPad.storyboard in Resources */,
				F8A70DDC19073CA200BA6D50 /* Twikee.bundle in Resources */,
				F8A8CBB118EC900E0045FA93 /* Images.xcassets in Resources */,
				F8A8CBA918EC900E0045FA93 /* Main_iPhone.storyboard in Resources */,
				F8A8CBA018EC900E0045FA93 /* InfoPlist.strings in Resources */,
			);
			runOnlyForDeploymentPostprocessing = 0;
		};
		F8A8CBB418EC900E0045FA93 /* Resources */ = {
			isa = PBXResourcesBuildPhase;
			buildActionMask = 2147483647;
			files = (
				F8A8CBC218EC900F0045FA93 /* InfoPlist.strings in Resources */,
			);
			runOnlyForDeploymentPostprocessing = 0;
		};
/* End PBXResourcesBuildPhase section */

/* Begin PBXSourcesBuildPhase section */
		F8A8CB8E18EC900E0045FA93 /* Sources */ = {
			isa = PBXSourcesBuildPhase;
			buildActionMask = 2147483647;
			files = (
				F8A8CBD118EC90E90045FA93 /* Twikee.m in Sources */,
				F8A8CBAF18EC900E0045FA93 /* ViewController.m in Sources */,
				F8A8CBA618EC900E0045FA93 /* AppDelegate.m in Sources */,
				F8A8CBA218EC900E0045FA93 /* main.m in Sources */,
			);
			runOnlyForDeploymentPostprocessing = 0;
		};
		F8A8CBB218EC900E0045FA93 /* Sources */ = {
			isa = PBXSourcesBuildPhase;
			buildActionMask = 2147483647;
			files = (
				F8A8CBC418EC900F0045FA93 /* TwikeeBasicTestTests.m in Sources */,
			);
			runOnlyForDeploymentPostprocessing = 0;
		};
/* End PBXSourcesBuildPhase section */

/* Begin PBXTargetDependency section */
		F8A8CBBC18EC900F0045FA93 /* PBXTargetDependency */ = {
			isa = PBXTargetDependency;
			target = F8A8CB9118EC900E0045FA93 /* TwikeeBasicTest */;
			targetProxy = F8A8CBBB18EC900F0045FA93 /* PBXContainerItemProxy */;
		};
/* End PBXTargetDependency section */

/* Begin PBXVariantGroup section */
		F8A8CB9E18EC900E0045FA93 /* InfoPlist.strings */ = {
			isa = PBXVariantGroup;
			children = (
				F8A8CB9F18EC900E0045FA93 /* en */,
			);
			name = InfoPlist.strings;
			sourceTree = "<group>";
		};
		F8A8CBA718EC900E0045FA93 /* Main_iPhone.storyboard */ = {
			isa = PBXVariantGroup;
			children = (
				F8A8CBA818EC900E0045FA93 /* Base */,
			);
			name = Main_iPhone.storyboard;
			sourceTree = "<group>";
		};
		F8A8CBAA18EC900E0045FA93 /* Main_iPad.storyboard */ = {
			isa = PBXVariantGroup;
			children = (
				F8A8CBAB18EC900E0045FA93 /* Base */,
			);
			name = Main_iPad.storyboard;
			sourceTree = "<group>";
		};
		F8A8CBC018EC900F0045FA93 /* InfoPlist.strings */ = {
			isa = PBXVariantGroup;
			children = (
				F8A8CBC118EC900F0045FA93 /* en */,
			);
			name = InfoPlist.strings;
			sourceTree = "<group>";
		};
/* End PBXVariantGroup section */

/* Begin XCBuildConfiguration section */
		F8A8CBC518EC900F0045FA93 /* Debug */ = {
			isa = XCBuildConfiguration;
			buildSettings = {
				ALWAYS_SEARCH_USER_PATHS = NO;
				CLANG_CXX_LANGUAGE_STANDARD = "gnu++0x";
				CLANG_CXX_LIBRARY = "libc++";
				CLANG_ENABLE_MODULES = YES;
				CLANG_ENABLE_OBJC_ARC = YES;
				CLANG_WARN_BOOL_CONVERSION = YES;
				CLANG_WARN_CONSTANT_CONVERSION = YES;
				CLANG_WARN_DIRECT_OBJC_ISA_USAGE = YES_ERROR;
				CLANG_WARN_EMPTY_BODY = YES;
				CLANG_WARN_ENUM_CONVERSION = YES;
				CLANG_WARN_INT_CONVERSION = YES;
				CLANG_WARN_OBJC_ROOT_CLASS = YES_ERROR;
				CLANG_WARN__DUPLICATE_METHOD_MATCH = YES;
				"CODE_SIGN_IDENTITY[sdk=iphoneos*]" = "iPhone Developer";
				COPY_PHASE_STRIP = NO;
				GCC_C_LANGUAGE_STANDARD = gnu99;
				GCC_DYNAMIC_NO_PIC = NO;
				GCC_OPTIMIZATION_LEVEL = 0;
				GCC_PREPROCESSOR_DEFINITIONS = (
					"DEBUG=1",
					"$(inherited)",
				);
				GCC_SYMBOLS_PRIVATE_EXTERN = NO;
				GCC_WARN_64_TO_32_BIT_CONVERSION = YES;
				GCC_WARN_ABOUT_RETURN_TYPE = YES_ERROR;
				GCC_WARN_UNDECLARED_SELECTOR = YES;
				GCC_WARN_UNINITIALIZED_AUTOS = YES_AGGRESSIVE;
				GCC_WARN_UNUSED_FUNCTION = YES;
				GCC_WARN_UNUSED_VARIABLE = YES;
				IPHONEOS_DEPLOYMENT_TARGET = 7.1;
				ONLY_ACTIVE_ARCH = YES;
				SDKROOT = iphoneos;
				TARGETED_DEVICE_FAMILY = "1,2";
			};
			name = Debug;
		};
		F8A8CBC618EC900F0045FA93 /* Release */ = {
			isa = XCBuildConfiguration;
			buildSettings = {
				ALWAYS_SEARCH_USER_PATHS = NO;
				CLANG_CXX_LANGUAGE_STANDARD = "gnu++0x";
				CLANG_CXX_LIBRARY = "libc++";
				CLANG_ENABLE_MODULES = YES;
				CLANG_ENABLE_OBJC_ARC = YES;
				CLANG_WARN_BOOL_CONVERSION = YES;
				CLANG_WARN_CONSTANT_CONVERSION = YES;
				CLANG_WARN_DIRECT_OBJC_ISA_USAGE = YES_ERROR;
				CLANG_WARN_EMPTY_BODY = YES;
				CLANG_WARN_ENUM_CONVERSION = YES;
				CLANG_WARN_INT_CONVERSION = YES;
				CLANG_WARN_OBJC_ROOT_CLASS = YES_ERROR;
				CLANG_WARN__DUPLICATE_METHOD_MATCH = YES;
				"CODE_SIGN_IDENTITY[sdk=iphoneos*]" = "iPhone Developer";
				COPY_PHASE_STRIP = YES;
				ENABLE_NS_ASSERTIONS = NO;
				GCC_C_LANGUAGE_STANDARD = gnu99;
				GCC_WARN_64_TO_32_BIT_CONVERSION = YES;
				GCC_WARN_ABOUT_RETURN_TYPE = YES_ERROR;
				GCC_WARN_UNDECLARED_SELECTOR = YES;
				GCC_WARN_UNINITIALIZED_AUTOS = YES_AGGRESSIVE;
				GCC_WARN_UNUSED_FUNCTION = YES;
				GCC_WARN_UNUSED_VARIABLE = YES;
				IPHONEOS_DEPLOYMENT_TARGET = 7.1;
				SDKROOT = iphoneos;
				TARGETED_DEVICE_FAMILY = "1,2";
				VALIDATE_PRODUCT = YES;
			};
			name = Release;
		};
		F8A8CBC818EC900F0045FA93 /* Debug */ = {
			isa = XCBuildConfiguration;
			buildSettings = {
				ASSETCATALOG_COMPILER_APPICON_NAME = AppIcon;
				ASSETCATALOG_COMPILER_LAUNCHIMAGE_NAME = LaunchImage;
				GCC_PRECOMPILE_PREFIX_HEADER = YES;
				GCC_PREFIX_HEADER = "TwikeeBasicTest/TwikeeBasicTest-Prefix.pch";
				INFOPLIST_FILE = "TwikeeBasicTest/TwikeeBasicTest-Info.plist";
				IPHONEOS_DEPLOYMENT_TARGET = 7.0;
				PRODUCT_NAME = "$(TARGET_NAME)";
				WRAPPER_EXTENSION = app;
			};
			name = Debug;
		};
		F8A8CBC918EC900F0045FA93 /* Release */ = {
			isa = XCBuildConfiguration;
			buildSettings = {
				ASSETCATALOG_COMPILER_APPICON_NAME = AppIcon;
				ASSETCATALOG_COMPILER_LAUNCHIMAGE_NAME = LaunchImage;
				GCC_PRECOMPILE_PREFIX_HEADER = YES;
				GCC_PREFIX_HEADER = "TwikeeBasicTest/TwikeeBasicTest-Prefix.pch";
				INFOPLIST_FILE = "TwikeeBasicTest/TwikeeBasicTest-Info.plist";
				IPHONEOS_DEPLOYMENT_TARGET = 7.0;
				PRODUCT_NAME = "$(TARGET_NAME)";
				WRAPPER_EXTENSION = app;
			};
			name = Release;
		};
		F8A8CBCB18EC900F0045FA93 /* Debug */ = {
			isa = XCBuildConfiguration;
			buildSettings = {
				BUNDLE_LOADER = "$(BUILT_PRODUCTS_DIR)/TwikeeBasicTest.app/TwikeeBasicTest";
				FRAMEWORK_SEARCH_PATHS = (
					"$(SDKROOT)/Developer/Library/Frameworks",
					"$(inherited)",
					"$(DEVELOPER_FRAMEWORKS_DIR)",
				);
				GCC_PRECOMPILE_PREFIX_HEADER = YES;
				GCC_PREFIX_HEADER = "TwikeeBasicTest/TwikeeBasicTest-Prefix.pch";
				GCC_PREPROCESSOR_DEFINITIONS = (
					"DEBUG=1",
					"$(inherited)",
				);
				INFOPLIST_FILE = "TwikeeBasicTestTests/TwikeeBasicTestTests-Info.plist";
				PRODUCT_NAME = "$(TARGET_NAME)";
				TEST_HOST = "$(BUNDLE_LOADER)";
				WRAPPER_EXTENSION = xctest;
			};
			name = Debug;
		};
		F8A8CBCC18EC900F0045FA93 /* Release */ = {
			isa = XCBuildConfiguration;
			buildSettings = {
				BUNDLE_LOADER = "$(BUILT_PRODUCTS_DIR)/TwikeeBasicTest.app/TwikeeBasicTest";
				FRAMEWORK_SEARCH_PATHS = (
					"$(SDKROOT)/Developer/Library/Frameworks",
					"$(inherited)",
					"$(DEVELOPER_FRAMEWORKS_DIR)",
				);
				GCC_PRECOMPILE_PREFIX_HEADER = YES;
				GCC_PREFIX_HEADER = "TwikeeBasicTest/TwikeeBasicTest-Prefix.pch";
				INFOPLIST_FILE = "TwikeeBasicTestTests/TwikeeBasicTestTests-Info.plist";
				PRODUCT_NAME = "$(TARGET_NAME)";
				TEST_HOST = "$(BUNDLE_LOADER)";
				WRAPPER_EXTENSION = xctest;
			};
			name = Release;
		};
/* End XCBuildConfiguration section */

/* Begin XCConfigurationList section */
		F8A8CB8D18EC900E0045FA93 /* Build configuration list for PBXProject "TwikeeBasicTest" */ = {
			isa = XCConfigurationList;
			buildConfigurations = (
				F8A8CBC518EC900F0045FA93 /* Debug */,
				F8A8CBC618EC900F0045FA93 /* Release */,
			);
			defaultConfigurationIsVisible = 0;
			defaultConfigurationName = Release;
		};
		F8A8CBC718EC900F0045FA93 /* Build configuration list for PBXNativeTarget "TwikeeBasicTest" */ = {
			isa = XCConfigurationList;
			buildConfigurations = (
				F8A8CBC818EC900F0045FA93 /* Debug */,
				F8A8CBC918EC900F0045FA93 /* Release */,
			);
			defaultConfigurationIsVisible = 0;
			defaultConfigurationName = Release;
		};
		F8A8CBCA18EC900F0045FA93 /* Build configuration list for PBXNativeTarget "TwikeeBasicTestTests" */ = {
			isa = XCConfigurationList;
			buildConfigurations = (
				F8A8CBCB18EC900F0045FA93 /* Debug */,
				F8A8CBCC18EC900F0045FA93 /* Release */,
			);
			defaultConfigurationIsVisible = 0;
			defaultConfigurationName = Release;
		};
/* End XCConfigurationList section */
	};
	rootObject = F8A8CB8A18EC900E0045FA93 /* Project object */;
}
